// !$*UTF8*$!
{
	archiveVersion = 1;
	classes = {
	};
	objectVersion = 48;
	objects = {

/* Begin PBXBuildFile section */
		2029A92020323F590088E38F /* MovieApiManager.swift in Sources */ = {isa = PBXBuildFile; fileRef = 2029A91F20323F590088E38F /* MovieApiManager.swift */; };
		20A4A17F2006B73C0054C8B2 /* AppDelegate.swift in Sources */ = {isa = PBXBuildFile; fileRef = 20A4A17E2006B73C0054C8B2 /* AppDelegate.swift */; };
		20A4A1812006B73C0054C8B2 /* ViewController.swift in Sources */ = {isa = PBXBuildFile; fileRef = 20A4A1802006B73C0054C8B2 /* ViewController.swift */; };
		20A4A1842006B73C0054C8B2 /* Main.storyboard in Resources */ = {isa = PBXBuildFile; fileRef = 20A4A1822006B73C0054C8B2 /* Main.storyboard */; };
		20A4A1872006B73C0054C8B2 /* Flix.xcdatamodeld in Sources */ = {isa = PBXBuildFile; fileRef = 20A4A1852006B73C0054C8B2 /* Flix.xcdatamodeld */; };
		20A4A1892006B73C0054C8B2 /* Assets.xcassets in Resources */ = {isa = PBXBuildFile; fileRef = 20A4A1882006B73C0054C8B2 /* Assets.xcassets */; };
		20A4A18C2006B73C0054C8B2 /* LaunchScreen.storyboard in Resources */ = {isa = PBXBuildFile; fileRef = 20A4A18A2006B73C0054C8B2 /* LaunchScreen.storyboard */; };
		20A4A1972006B73C0054C8B2 /* FlixTests.swift in Sources */ = {isa = PBXBuildFile; fileRef = 20A4A1962006B73C0054C8B2 /* FlixTests.swift */; };
		20A4A1A22006C0CD0054C8B2 /* MoviesTableViewCell.swift in Sources */ = {isa = PBXBuildFile; fileRef = 20A4A1A12006C0CD0054C8B2 /* MoviesTableViewCell.swift */; };
		20A969BD200D55C200697DB5 /* MovieDetailsViewController.swift in Sources */ = {isa = PBXBuildFile; fileRef = 20A969BC200D55C200697DB5 /* MovieDetailsViewController.swift */; };
		20A969BF200D5CF700697DB5 /* PosterCellCollectionViewCell.swift in Sources */ = {isa = PBXBuildFile; fileRef = 20A969BE200D5CF700697DB5 /* PosterCellCollectionViewCell.swift */; };
		20A969C1200D5DF000697DB5 /* SuperheroViewController.swift in Sources */ = {isa = PBXBuildFile; fileRef = 20A969C0200D5DF000697DB5 /* SuperheroViewController.swift */; };
		20DF67DB202D5109007139ED /* Movie.swift in Sources */ = {isa = PBXBuildFile; fileRef = 20DF67DA202D5109007139ED /* Movie.swift */; };
		7BA96127DAB8839EC5DD0006 /* Pods_Flix.framework in Frameworks */ = {isa = PBXBuildFile; fileRef = 1E299890C9AC9E0E4C7EFD81 /* Pods_Flix.framework */; };
		D66DE9DDFE0DF59B7A722E69 /* Pods_FlixTests.framework in Frameworks */ = {isa = PBXBuildFile; fileRef = 0AF3DCC9D5B6F8F7939A190A /* Pods_FlixTests.framework */; };
/* End PBXBuildFile section */

/* Begin PBXContainerItemProxy section */
		20A4A1932006B73C0054C8B2 /* PBXContainerItemProxy */ = {
			isa = PBXContainerItemProxy;
			containerPortal = 20A4A1732006B73C0054C8B2 /* Project object */;
			proxyType = 1;
			remoteGlobalIDString = 20A4A17A2006B73C0054C8B2;
			remoteInfo = Flix;
		};
/* End PBXContainerItemProxy section */

/* Begin PBXFileReference section */
		0AF3DCC9D5B6F8F7939A190A /* Pods_FlixTests.framework */ = {isa = PBXFileReference; explicitFileType = wrapper.framework; includeInIndex = 0; path = Pods_FlixTests.framework; sourceTree = BUILT_PRODUCTS_DIR; };
		18EE74C2E3D52C821CFD4A1E /* Pods-Flix.release.xcconfig */ = {isa = PBXFileReference; includeInIndex = 1; lastKnownFileType = text.xcconfig; name = "Pods-Flix.release.xcconfig"; path = "Pods/Target Support Files/Pods-Flix/Pods-Flix.release.xcconfig"; sourceTree = "<group>"; };
		1E299890C9AC9E0E4C7EFD81 /* Pods_Flix.framework */ = {isa = PBXFileReference; explicitFileType = wrapper.framework; includeInIndex = 0; path = Pods_Flix.framework; sourceTree = BUILT_PRODUCTS_DIR; };
		2029A91F20323F590088E38F /* MovieApiManager.swift */ = {isa = PBXFileReference; lastKnownFileType = sourcecode.swift; path = MovieApiManager.swift; sourceTree = "<group>"; };
		20A4A17B2006B73C0054C8B2 /* Flix.app */ = {isa = PBXFileReference; explicitFileType = wrapper.application; includeInIndex = 0; path = Flix.app; sourceTree = BUILT_PRODUCTS_DIR; };
		20A4A17E2006B73C0054C8B2 /* AppDelegate.swift */ = {isa = PBXFileReference; lastKnownFileType = sourcecode.swift; path = AppDelegate.swift; sourceTree = "<group>"; };
		20A4A1802006B73C0054C8B2 /* ViewController.swift */ = {isa = PBXFileReference; lastKnownFileType = sourcecode.swift; path = ViewController.swift; sourceTree = "<group>"; };
		20A4A1832006B73C0054C8B2 /* Base */ = {isa = PBXFileReference; lastKnownFileType = file.storyboard; name = Base; path = Base.lproj/Main.storyboard; sourceTree = "<group>"; };
		20A4A1862006B73C0054C8B2 /* Flix.xcdatamodel */ = {isa = PBXFileReference; lastKnownFileType = wrapper.xcdatamodel; path = Flix.xcdatamodel; sourceTree = "<group>"; };
		20A4A1882006B73C0054C8B2 /* Assets.xcassets */ = {isa = PBXFileReference; lastKnownFileType = folder.assetcatalog; path = Assets.xcassets; sourceTree = "<group>"; };
		20A4A18B2006B73C0054C8B2 /* Base */ = {isa = PBXFileReference; lastKnownFileType = file.storyboard; name = Base; path = Base.lproj/LaunchScreen.storyboard; sourceTree = "<group>"; };
		20A4A18D2006B73C0054C8B2 /* Info.plist */ = {isa = PBXFileReference; lastKnownFileType = text.plist.xml; path = Info.plist; sourceTree = "<group>"; };
		20A4A1922006B73C0054C8B2 /* FlixTests.xctest */ = {isa = PBXFileReference; explicitFileType = wrapper.cfbundle; includeInIndex = 0; path = FlixTests.xctest; sourceTree = BUILT_PRODUCTS_DIR; };
		20A4A1962006B73C0054C8B2 /* FlixTests.swift */ = {isa = PBXFileReference; lastKnownFileType = sourcecode.swift; path = FlixTests.swift; sourceTree = "<group>"; };
		20A4A1982006B73C0054C8B2 /* Info.plist */ = {isa = PBXFileReference; lastKnownFileType = text.plist.xml; path = Info.plist; sourceTree = "<group>"; };
		20A4A1A12006C0CD0054C8B2 /* MoviesTableViewCell.swift */ = {isa = PBXFileReference; lastKnownFileType = sourcecode.swift; path = MoviesTableViewCell.swift; sourceTree = "<group>"; };
		20A969BC200D55C200697DB5 /* MovieDetailsViewController.swift */ = {isa = PBXFileReference; lastKnownFileType = sourcecode.swift; path = MovieDetailsViewController.swift; sourceTree = "<group>"; };
		20A969BE200D5CF700697DB5 /* PosterCellCollectionViewCell.swift */ = {isa = PBXFileReference; lastKnownFileType = sourcecode.swift; path = PosterCellCollectionViewCell.swift; sourceTree = "<group>"; };
		20A969C0200D5DF000697DB5 /* SuperheroViewController.swift */ = {isa = PBXFileReference; lastKnownFileType = sourcecode.swift; path = SuperheroViewController.swift; sourceTree = "<group>"; };
		20DF67DA202D5109007139ED /* Movie.swift */ = {isa = PBXFileReference; lastKnownFileType = sourcecode.swift; path = Movie.swift; sourceTree = "<group>"; };
		9CA5B5CA9B9BB8BFC45F86F0 /* Pods-FlixTests.release.xcconfig */ = {isa = PBXFileReference; includeInIndex = 1; lastKnownFileType = text.xcconfig; name = "Pods-FlixTests.release.xcconfig"; path = "Pods/Target Support Files/Pods-FlixTests/Pods-FlixTests.release.xcconfig"; sourceTree = "<group>"; };
		A21096778DEA83D97C35855D /* Pods-Flix.debug.xcconfig */ = {isa = PBXFileReference; includeInIndex = 1; lastKnownFileType = text.xcconfig; name = "Pods-Flix.debug.xcconfig"; path = "Pods/Target Support Files/Pods-Flix/Pods-Flix.debug.xcconfig"; sourceTree = "<group>"; };
		D0E52F6ABAC1F6A752B8EDAA /* Pods-FlixTests.debug.xcconfig */ = {isa = PBXFileReference; includeInIndex = 1; lastKnownFileType = text.xcconfig; name = "Pods-FlixTests.debug.xcconfig"; path = "Pods/Target Support Files/Pods-FlixTests/Pods-FlixTests.debug.xcconfig"; sourceTree = "<group>"; };
/* End PBXFileReference section */

/* Begin PBXFrameworksBuildPhase section */
		20A4A1782006B73C0054C8B2 /* Frameworks */ = {
			isa = PBXFrameworksBuildPhase;
			buildActionMask = 2147483647;
			files = (
				7BA96127DAB8839EC5DD0006 /* Pods_Flix.framework in Frameworks */,
			);
			runOnlyForDeploymentPostprocessing = 0;
		};
		20A4A18F2006B73C0054C8B2 /* Frameworks */ = {
			isa = PBXFrameworksBuildPhase;
			buildActionMask = 2147483647;
			files = (
				D66DE9DDFE0DF59B7A722E69 /* Pods_FlixTests.framework in Frameworks */,
			);
			runOnlyForDeploymentPostprocessing = 0;
		};
/* End PBXFrameworksBuildPhase section */

/* Begin PBXGroup section */
		20A4A1722006B73C0054C8B2 = {
			isa = PBXGroup;
			children = (
				20A4A17D2006B73C0054C8B2 /* Flix */,
				20A4A1952006B73C0054C8B2 /* FlixTests */,
				20A4A17C2006B73C0054C8B2 /* Products */,
				818CD6DB63C6B50FBB376413 /* Pods */,
				461059BC56806F30C700839D /* Frameworks */,
			);
			sourceTree = "<group>";
		};
		20A4A17C2006B73C0054C8B2 /* Products */ = {
			isa = PBXGroup;
			children = (
				20A4A17B2006B73C0054C8B2 /* Flix.app */,
				20A4A1922006B73C0054C8B2 /* FlixTests.xctest */,
			);
			name = Products;
			sourceTree = "<group>";
		};
		20A4A17D2006B73C0054C8B2 /* Flix */ = {
			isa = PBXGroup;
			children = (
				20A969BA200D556500697DB5 /* ViewControllers */,
				20A969BB200D557400697DB5 /* Views */,
				20A4A17E2006B73C0054C8B2 /* AppDelegate.swift */,
				20A4A1822006B73C0054C8B2 /* Main.storyboard */,
				20DF67DA202D5109007139ED /* Movie.swift */,
				2029A91F20323F590088E38F /* MovieApiManager.swift */,
				20A4A1882006B73C0054C8B2 /* Assets.xcassets */,
				20A4A18A2006B73C0054C8B2 /* LaunchScreen.storyboard */,
				20A4A18D2006B73C0054C8B2 /* Info.plist */,
				20A4A1852006B73C0054C8B2 /* Flix.xcdatamodeld */,
			);
			path = Flix;
			sourceTree = "<group>";
		};
		20A4A1952006B73C0054C8B2 /* FlixTests */ = {
			isa = PBXGroup;
			children = (
				20A4A1962006B73C0054C8B2 /* FlixTests.swift */,
				20A4A1982006B73C0054C8B2 /* Info.plist */,
			);
			path = FlixTests;
			sourceTree = "<group>";
		};
		20A969BA200D556500697DB5 /* ViewControllers */ = {
			isa = PBXGroup;
			children = (
				20A4A1802006B73C0054C8B2 /* ViewController.swift */,
				20A969BC200D55C200697DB5 /* MovieDetailsViewController.swift */,
				20A969C0200D5DF000697DB5 /* SuperheroViewController.swift */,
			);
			path = ViewControllers;
			sourceTree = "<group>";
		};
		20A969BB200D557400697DB5 /* Views */ = {
			isa = PBXGroup;
			children = (
				20A4A1A12006C0CD0054C8B2 /* MoviesTableViewCell.swift */,
				20A969BE200D5CF700697DB5 /* PosterCellCollectionViewCell.swift */,
			);
			path = Views;
			sourceTree = "<group>";
		};
		461059BC56806F30C700839D /* Frameworks */ = {
			isa = PBXGroup;
			children = (
				1E299890C9AC9E0E4C7EFD81 /* Pods_Flix.framework */,
				0AF3DCC9D5B6F8F7939A190A /* Pods_FlixTests.framework */,
			);
			name = Frameworks;
			sourceTree = "<group>";
		};
		818CD6DB63C6B50FBB376413 /* Pods */ = {
			isa = PBXGroup;
			children = (
				A21096778DEA83D97C35855D /* Pods-Flix.debug.xcconfig */,
				18EE74C2E3D52C821CFD4A1E /* Pods-Flix.release.xcconfig */,
				D0E52F6ABAC1F6A752B8EDAA /* Pods-FlixTests.debug.xcconfig */,
				9CA5B5CA9B9BB8BFC45F86F0 /* Pods-FlixTests.release.xcconfig */,
			);
			name = Pods;
			sourceTree = "<group>";
		};
/* End PBXGroup section */

/* Begin PBXNativeTarget section */
		20A4A17A2006B73C0054C8B2 /* Flix */ = {
			isa = PBXNativeTarget;
			buildConfigurationList = 20A4A19B2006B73C0054C8B2 /* Build configuration list for PBXNativeTarget "Flix" */;
			buildPhases = (
				0C765CBDB1B0CB7BEA2188BC /* [CP] Check Pods Manifest.lock */,
				20A4A1772006B73C0054C8B2 /* Sources */,
				20A4A1782006B73C0054C8B2 /* Frameworks */,
				20A4A1792006B73C0054C8B2 /* Resources */,
				CE79299605991047D56A12C9 /* [CP] Embed Pods Frameworks */,
				C9BE896C152A143BF9132CFD /* [CP] Copy Pods Resources */,
			);
			buildRules = (
			);
			dependencies = (
			);
			name = Flix;
			productName = Flix;
			productReference = 20A4A17B2006B73C0054C8B2 /* Flix.app */;
			productType = "com.apple.product-type.application";
		};
		20A4A1912006B73C0054C8B2 /* FlixTests */ = {
			isa = PBXNativeTarget;
			buildConfigurationList = 20A4A19E2006B73C0054C8B2 /* Build configuration list for PBXNativeTarget "FlixTests" */;
			buildPhases = (
				AF55CD98EBAB9FE5963FF390 /* [CP] Check Pods Manifest.lock */,
				20A4A18E2006B73C0054C8B2 /* Sources */,
				20A4A18F2006B73C0054C8B2 /* Frameworks */,
				20A4A1902006B73C0054C8B2 /* Resources */,
				F80E119593FD589955D7CAE4 /* [CP] Embed Pods Frameworks */,
				C8F94B38E2728D42EDFBC058 /* [CP] Copy Pods Resources */,
			);
			buildRules = (
			);
			dependencies = (
				20A4A1942006B73C0054C8B2 /* PBXTargetDependency */,
			);
			name = FlixTests;
			productName = FlixTests;
			productReference = 20A4A1922006B73C0054C8B2 /* FlixTests.xctest */;
			productType = "com.apple.product-type.bundle.unit-test";
		};
/* End PBXNativeTarget section */

/* Begin PBXProject section */
		20A4A1732006B73C0054C8B2 /* Project object */ = {
			isa = PBXProject;
			attributes = {
				LastSwiftUpdateCheck = 0920;
				LastUpgradeCheck = 0920;
				ORGANIZATIONNAME = "Simona Virga";
				TargetAttributes = {
					20A4A17A2006B73C0054C8B2 = {
						CreatedOnToolsVersion = 9.2;
						ProvisioningStyle = Automatic;
					};
					20A4A1912006B73C0054C8B2 = {
						CreatedOnToolsVersion = 9.2;
						ProvisioningStyle = Automatic;
						TestTargetID = 20A4A17A2006B73C0054C8B2;
					};
				};
			};
			buildConfigurationList = 20A4A1762006B73C0054C8B2 /* Build configuration list for PBXProject "Flix" */;
			compatibilityVersion = "Xcode 8.0";
			developmentRegion = en;
			hasScannedForEncodings = 0;
			knownRegions = (
				en,
				Base,
			);
			mainGroup = 20A4A1722006B73C0054C8B2;
			productRefGroup = 20A4A17C2006B73C0054C8B2 /* Products */;
			projectDirPath = "";
			projectRoot = "";
			targets = (
				20A4A17A2006B73C0054C8B2 /* Flix */,
				20A4A1912006B73C0054C8B2 /* FlixTests */,
			);
		};
/* End PBXProject section */

/* Begin PBXResourcesBuildPhase section */
		20A4A1792006B73C0054C8B2 /* Resources */ = {
			isa = PBXResourcesBuildPhase;
			buildActionMask = 2147483647;
			files = (
				20A4A18C2006B73C0054C8B2 /* LaunchScreen.storyboard in Resources */,
				20A4A1892006B73C0054C8B2 /* Assets.xcassets in Resources */,
				20A4A1842006B73C0054C8B2 /* Main.storyboard in Resources */,
			);
			runOnlyForDeploymentPostprocessing = 0;
		};
		20A4A1902006B73C0054C8B2 /* Resources */ = {
			isa = PBXResourcesBuildPhase;
			buildActionMask = 2147483647;
			files = (
			);
			runOnlyForDeploymentPostprocessing = 0;
		};
/* End PBXResourcesBuildPhase section */

/* Begin PBXShellScriptBuildPhase section */
		0C765CBDB1B0CB7BEA2188BC /* [CP] Check Pods Manifest.lock */ = {
			isa = PBXShellScriptBuildPhase;
			buildActionMask = 2147483647;
			files = (
			);
			inputPaths = (
				"${PODS_PODFILE_DIR_PATH}/Podfile.lock",
				"${PODS_ROOT}/Manifest.lock",
			);
			name = "[CP] Check Pods Manifest.lock";
			outputPaths = (
				"$(DERIVED_FILE_DIR)/Pods-Flix-checkManifestLockResult.txt",
			);
			runOnlyForDeploymentPostprocessing = 0;
			shellPath = /bin/sh;
			shellScript = "diff \"${PODS_PODFILE_DIR_PATH}/Podfile.lock\" \"${PODS_ROOT}/Manifest.lock\" > /dev/null\nif [ $? != 0 ] ; then\n    # print error to STDERR\n    echo \"error: The sandbox is not in sync with the Podfile.lock. Run 'pod install' or update your CocoaPods installation.\" >&2\n    exit 1\nfi\n# This output is used by Xcode 'outputs' to avoid re-running this script phase.\necho \"SUCCESS\" > \"${SCRIPT_OUTPUT_FILE_0}\"\n";
			showEnvVarsInLog = 0;
		};
		AF55CD98EBAB9FE5963FF390 /* [CP] Check Pods Manifest.lock */ = {
			isa = PBXShellScriptBuildPhase;
			buildActionMask = 2147483647;
			files = (
			);
			inputPaths = (
				"${PODS_PODFILE_DIR_PATH}/Podfile.lock",
				"${PODS_ROOT}/Manifest.lock",
			);
			name = "[CP] Check Pods Manifest.lock";
			outputPaths = (
				"$(DERIVED_FILE_DIR)/Pods-FlixTests-checkManifestLockResult.txt",
			);
			runOnlyForDeploymentPostprocessing = 0;
			shellPath = /bin/sh;
			shellScript = "diff \"${PODS_PODFILE_DIR_PATH}/Podfile.lock\" \"${PODS_ROOT}/Manifest.lock\" > /dev/null\nif [ $? != 0 ] ; then\n    # print error to STDERR\n    echo \"error: The sandbox is not in sync with the Podfile.lock. Run 'pod install' or update your CocoaPods installation.\" >&2\n    exit 1\nfi\n# This output is used by Xcode 'outputs' to avoid re-running this script phase.\necho \"SUCCESS\" > \"${SCRIPT_OUTPUT_FILE_0}\"\n";
			showEnvVarsInLog = 0;
		};
		C8F94B38E2728D42EDFBC058 /* [CP] Copy Pods Resources */ = {
			isa = PBXShellScriptBuildPhase;
			buildActionMask = 2147483647;
			files = (
			);
			inputPaths = (
			);
			name = "[CP] Copy Pods Resources";
			outputPaths = (
			);
			runOnlyForDeploymentPostprocessing = 0;
			shellPath = /bin/sh;
			shellScript = "\"${SRCROOT}/Pods/Target Support Files/Pods-FlixTests/Pods-FlixTests-resources.sh\"\n";
			showEnvVarsInLog = 0;
		};
		C9BE896C152A143BF9132CFD /* [CP] Copy Pods Resources */ = {
			isa = PBXShellScriptBuildPhase;
			buildActionMask = 2147483647;
			files = (
			);
			inputPaths = (
			);
			name = "[CP] Copy Pods Resources";
			outputPaths = (
			);
			runOnlyForDeploymentPostprocessing = 0;
			shellPath = /bin/sh;
			shellScript = "\"${SRCROOT}/Pods/Target Support Files/Pods-Flix/Pods-Flix-resources.sh\"\n";
			showEnvVarsInLog = 0;
		};
		CE79299605991047D56A12C9 /* [CP] Embed Pods Frameworks */ = {
			isa = PBXShellScriptBuildPhase;
			buildActionMask = 2147483647;
			files = (
			);
			inputPaths = (
				"${SRCROOT}/Pods/Target Support Files/Pods-Flix/Pods-Flix-frameworks.sh",
				"${BUILT_PRODUCTS_DIR}/Alamofire/Alamofire.framework",
				"${BUILT_PRODUCTS_DIR}/AlamofireImage/AlamofireImage.framework",
			);
			name = "[CP] Embed Pods Frameworks";
			outputPaths = (
				"${TARGET_BUILD_DIR}/${FRAMEWORKS_FOLDER_PATH}/Alamofire.framework",
				"${TARGET_BUILD_DIR}/${FRAMEWORKS_FOLDER_PATH}/AlamofireImage.framework",
			);
			runOnlyForDeploymentPostprocessing = 0;
			shellPath = /bin/sh;
			shellScript = "\"${SRCROOT}/Pods/Target Support Files/Pods-Flix/Pods-Flix-frameworks.sh\"\n";
			showEnvVarsInLog = 0;
		};
		F80E119593FD589955D7CAE4 /* [CP] Embed Pods Frameworks */ = {
			isa = PBXShellScriptBuildPhase;
			buildActionMask = 2147483647;
			files = (
			);
			inputPaths = (
			);
			name = "[CP] Embed Pods Frameworks";
			outputPaths = (
			);
			runOnlyForDeploymentPostprocessing = 0;
			shellPath = /bin/sh;
			shellScript = "\"${SRCROOT}/Pods/Target Support Files/Pods-FlixTests/Pods-FlixTests-frameworks.sh\"\n";
			showEnvVarsInLog = 0;
		};
/* End PBXShellScriptBuildPhase section */

/* Begin PBXSourcesBuildPhase section */
		20A4A1772006B73C0054C8B2 /* Sources */ = {
			isa = PBXSourcesBuildPhase;
			buildActionMask = 2147483647;
			files = (
				20A969BD200D55C200697DB5 /* MovieDetailsViewController.swift in Sources */,
				20A4A1872006B73C0054C8B2 /* Flix.xcdatamodeld in Sources */,
				20A4A1812006B73C0054C8B2 /* ViewController.swift in Sources */,
				2029A92020323F590088E38F /* MovieApiManager.swift in Sources */,
				20A969BF200D5CF700697DB5 /* PosterCellCollectionViewCell.swift in Sources */,
				20A969C1200D5DF000697DB5 /* SuperheroViewController.swift in Sources */,
				20A4A1A22006C0CD0054C8B2 /* MoviesTableViewCell.swift in Sources */,
				20DF67DB202D5109007139ED /* Movie.swift in Sources */,
				20A4A17F2006B73C0054C8B2 /* AppDelegate.swift in Sources */,
			);
			runOnlyForDeploymentPostprocessing = 0;
		};
		20A4A18E2006B73C0054C8B2 /* Sources */ = {
			isa = PBXSourcesBuildPhase;
			buildActionMask = 2147483647;
			files = (
				20A4A1972006B73C0054C8B2 /* FlixTests.swift in Sources */,
			);
			runOnlyForDeploymentPostprocessing = 0;
		};
/* End PBXSourcesBuildPhase section */

/* Begin PBXTargetDependency section */
		20A4A1942006B73C0054C8B2 /* PBXTargetDependency */ = {
			isa = PBXTargetDependency;
			target = 20A4A17A2006B73C0054C8B2 /* Flix */;
			targetProxy = 20A4A1932006B73C0054C8B2 /* PBXContainerItemProxy */;
		};
/* End PBXTargetDependency section */

/* Begin PBXVariantGroup section */
		20A4A1822006B73C0054C8B2 /* Main.storyboard */ = {
			isa = PBXVariantGroup;
			children = (
				20A4A1832006B73C0054C8B2 /* Base */,
			);
			name = Main.storyboard;
			sourceTree = "<group>";
		};
		20A4A18A2006B73C0054C8B2 /* LaunchScreen.storyboard */ = {
			isa = PBXVariantGroup;
			children = (
				20A4A18B2006B73C0054C8B2 /* Base */,
			);
			name = LaunchScreen.storyboard;
			sourceTree = "<group>";
		};
/* End PBXVariantGroup section */

/* Begin XCBuildConfiguration section */
		20A4A1992006B73C0054C8B2 /* Debug */ = {
			isa = XCBuildConfiguration;
			buildSettings = {
				ALWAYS_SEARCH_USER_PATHS = NO;
				CLANG_ANALYZER_NONNULL = YES;
				CLANG_ANALYZER_NUMBER_OBJECT_CONVERSION = YES_AGGRESSIVE;
				CLANG_CXX_LANGUAGE_STANDARD = "gnu++14";
				CLANG_CXX_LIBRARY = "libc++";
				CLANG_ENABLE_MODULES = YES;
				CLANG_ENABLE_OBJC_ARC = YES;
				CLANG_WARN_BLOCK_CAPTURE_AUTORELEASING = YES;
				CLANG_WARN_BOOL_CONVERSION = YES;
				CLANG_WARN_COMMA = YES;
				CLANG_WARN_CONSTANT_CONVERSION = YES;
				CLANG_WARN_DIRECT_OBJC_ISA_USAGE = YES_ERROR;
				CLANG_WARN_DOCUMENTATION_COMMENTS = YES;
				CLANG_WARN_EMPTY_BODY = YES;
				CLANG_WARN_ENUM_CONVERSION = YES;
				CLANG_WARN_INFINITE_RECURSION = YES;
				CLANG_WARN_INT_CONVERSION = YES;
				CLANG_WARN_NON_LITERAL_NULL_CONVERSION = YES;
				CLANG_WARN_OBJC_LITERAL_CONVERSION = YES;
				CLANG_WARN_OBJC_ROOT_CLASS = YES_ERROR;
				CLANG_WARN_RANGE_LOOP_ANALYSIS = YES;
				CLANG_WARN_STRICT_PROTOTYPES = YES;
				CLANG_WARN_SUSPICIOUS_MOVE = YES;
				CLANG_WARN_UNGUARDED_AVAILABILITY = YES_AGGRESSIVE;
				CLANG_WARN_UNREACHABLE_CODE = YES;
				CLANG_WARN__DUPLICATE_METHOD_MATCH = YES;
				CODE_SIGN_IDENTITY = "iPhone Developer";
				COPY_PHASE_STRIP = NO;
				DEBUG_INFORMATION_FORMAT = dwarf;
				ENABLE_STRICT_OBJC_MSGSEND = YES;
				ENABLE_TESTABILITY = YES;
				GCC_C_LANGUAGE_STANDARD = gnu11;
				GCC_DYNAMIC_NO_PIC = NO;
				GCC_NO_COMMON_BLOCKS = YES;
				GCC_OPTIMIZATION_LEVEL = 0;
				GCC_PREPROCESSOR_DEFINITIONS = (
					"DEBUG=1",
					"$(inherited)",
				);
				GCC_WARN_64_TO_32_BIT_CONVERSION = YES;
				GCC_WARN_ABOUT_RETURN_TYPE = YES_ERROR;
				GCC_WARN_UNDECLARED_SELECTOR = YES;
				GCC_WARN_UNINITIALIZED_AUTOS = YES_AGGRESSIVE;
				GCC_WARN_UNUSED_FUNCTION = YES;
				GCC_WARN_UNUSED_VARIABLE = YES;
				IPHONEOS_DEPLOYMENT_TARGET = 11.2;
				MTL_ENABLE_DEBUG_INFO = YES;
				ONLY_ACTIVE_ARCH = YES;
				SDKROOT = iphoneos;
				SWIFT_ACTIVE_COMPILATION_CONDITIONS = DEBUG;
				SWIFT_OPTIMIZATION_LEVEL = "-Onone";
			};
			name = Debug;
		};
		20A4A19A2006B73C0054C8B2 /* Release */ = {
			isa = XCBuildConfiguration;
			buildSettings = {
				ALWAYS_SEARCH_USER_PATHS = NO;
				CLANG_ANALYZER_NONNULL = YES;
				CLANG_ANALYZER_NUMBER_OBJECT_CONVERSION = YES_AGGRESSIVE;
				CLANG_CXX_LANGUAGE_STANDARD = "gnu++14";
				CLANG_CXX_LIBRARY = "libc++";
				CLANG_ENABLE_MODULES = YES;
				CLANG_ENABLE_OBJC_ARC = YES;
				CLANG_WARN_BLOCK_CAPTURE_AUTORELEASING = YES;
				CLANG_WARN_BOOL_CONVERSION = YES;
				CLANG_WARN_COMMA = YES;
				CLANG_WARN_CONSTANT_CONVERSION = YES;
				CLANG_WARN_DIRECT_OBJC_ISA_USAGE = YES_ERROR;
				CLANG_WARN_DOCUMENTATION_COMMENTS = YES;
				CLANG_WARN_EMPTY_BODY = YES;
				CLANG_WARN_ENUM_CONVERSION = YES;
				CLANG_WARN_INFINITE_RECURSION = YES;
				CLANG_WARN_INT_CONVERSION = YES;
				CLANG_WARN_NON_LITERAL_NULL_CONVERSION = YES;
				CLANG_WARN_OBJC_LITERAL_CONVERSION = YES;
				CLANG_WARN_OBJC_ROOT_CLASS = YES_ERROR;
				CLANG_WARN_RANGE_LOOP_ANALYSIS = YES;
				CLANG_WARN_STRICT_PROTOTYPES = YES;
				CLANG_WARN_SUSPICIOUS_MOVE = YES;
				CLANG_WARN_UNGUARDED_AVAILABILITY = YES_AGGRESSIVE;
				CLANG_WARN_UNREACHABLE_CODE = YES;
				CLANG_WARN__DUPLICATE_METHOD_MATCH = YES;
				CODE_SIGN_IDENTITY = "iPhone Developer";
				COPY_PHASE_STRIP = NO;
				DEBUG_INFORMATION_FORMAT = "dwarf-with-dsym";
				ENABLE_NS_ASSERTIONS = NO;
				ENABLE_STRICT_OBJC_MSGSEND = YES;
				GCC_C_LANGUAGE_STANDARD = gnu11;
				GCC_NO_COMMON_BLOCKS = YES;
				GCC_WARN_64_TO_32_BIT_CONVERSION = YES;
				GCC_WARN_ABOUT_RETURN_TYPE = YES_ERROR;
				GCC_WARN_UNDECLARED_SELECTOR = YES;
				GCC_WARN_UNINITIALIZED_AUTOS = YES_AGGRESSIVE;
				GCC_WARN_UNUSED_FUNCTION = YES;
				GCC_WARN_UNUSED_VARIABLE = YES;
				IPHONEOS_DEPLOYMENT_TARGET = 11.2;
				MTL_ENABLE_DEBUG_INFO = NO;
				SDKROOT = iphoneos;
				SWIFT_OPTIMIZATION_LEVEL = "-Owholemodule";
				VALIDATE_PRODUCT = YES;
			};
			name = Release;
		};
		20A4A19C2006B73C0054C8B2 /* Debug */ = {
			isa = XCBuildConfiguration;
			baseConfigurationReference = A21096778DEA83D97C35855D /* Pods-Flix.debug.xcconfig */;
			buildSettings = {
				ASSETCATALOG_COMPILER_APPICON_NAME = AppIcon;
				CODE_SIGN_STYLE = Automatic;
				INFOPLIST_FILE = Flix/Info.plist;
				LD_RUNPATH_SEARCH_PATHS = "$(inherited) @executable_path/Frameworks";
				PRODUCT_BUNDLE_IDENTIFIER = com.example.Flix;
				PRODUCT_NAME = "$(TARGET_NAME)";
				SWIFT_VERSION = 4.0;
				TARGETED_DEVICE_FAMILY = "1,2";
			};
			name = Debug;
		};
		20A4A19D2006B73C0054C8B2 /* Release */ = {
			isa = XCBuildConfiguration;
			baseConfigurationReference = 18EE74C2E3D52C821CFD4A1E /* Pods-Flix.release.xcconfig */;
			buildSettings = {
				ASSETCATALOG_COMPILER_APPICON_NAME = AppIcon;
				CODE_SIGN_STYLE = Automatic;
				INFOPLIST_FILE = Flix/Info.plist;
				LD_RUNPATH_SEARCH_PATHS = "$(inherited) @executable_path/Frameworks";
				PRODUCT_BUNDLE_IDENTIFIER = com.example.Flix;
				PRODUCT_NAME = "$(TARGET_NAME)";
				SWIFT_VERSION = 4.0;
				TARGETED_DEVICE_FAMILY = "1,2";
			};
			name = Release;
		};
		20A4A19F2006B73C0054C8B2 /* Debug */ = {
			isa = XCBuildConfiguration;
			baseConfigurationReference = D0E52F6ABAC1F6A752B8EDAA /* Pods-FlixTests.debug.xcconfig */;
			buildSettings = {
				ALWAYS_EMBED_SWIFT_STANDARD_LIBRARIES = YES;
				BUNDLE_LOADER = "$(TEST_HOST)";
				CODE_SIGN_STYLE = Automatic;
				INFOPLIST_FILE = FlixTests/Info.plist;
				LD_RUNPATH_SEARCH_PATHS = "$(inherited) @executable_path/Frameworks @loader_path/Frameworks";
				PRODUCT_BUNDLE_IDENTIFIER = com.example.FlixTests;
				PRODUCT_NAME = "$(TARGET_NAME)";
				SWIFT_VERSION = 4.0;
				TARGETED_DEVICE_FAMILY = "1,2";
				TEST_HOST = "$(BUILT_PRODUCTS_DIR)/Flix.app/Flix";
			};
			name = Debug;
		};
		20A4A1A02006B73C0054C8B2 /* Release */ = {
			isa = XCBuildConfiguration;
			baseConfigurationReference = 9CA5B5CA9B9BB8BFC45F86F0 /* Pods-FlixTests.release.xcconfig */;
			buildSettings = {
				ALWAYS_EMBED_SWIFT_STANDARD_LIBRARIES = YES;
				BUNDLE_LOADER = "$(TEST_HOST)";
				CODE_SIGN_STYLE = Automatic;
				INFOPLIST_FILE = FlixTests/Info.plist;
				LD_RUNPATH_SEARCH_PATHS = "$(inherited) @executable_path/Frameworks @loader_path/Frameworks";
				PRODUCT_BUNDLE_IDENTIFIER = com.example.FlixTests;
				PRODUCT_NAME = "$(TARGET_NAME)";
				SWIFT_VERSION = 4.0;
				TARGETED_DEVICE_FAMILY = "1,2";
				TEST_HOST = "$(BUILT_PRODUCTS_DIR)/Flix.app/Flix";
			};
			name = Release;
		};
/* End XCBuildConfiguration section */

/* Begin XCConfigurationList section */
		20A4A1762006B73C0054C8B2 /* Build configuration list for PBXProject "Flix" */ = {
			isa = XCConfigurationList;
			buildConfigurations = (
				20A4A1992006B73C0054C8B2 /* Debug */,
				20A4A19A2006B73C0054C8B2 /* Release */,
			);
			defaultConfigurationIsVisible = 0;
			defaultConfigurationName = Release;
		};
		20A4A19B2006B73C0054C8B2 /* Build configuration list for PBXNativeTarget "Flix" */ = {
			isa = XCConfigurationList;
			buildConfigurations = (
				20A4A19C2006B73C0054C8B2 /* Debug */,
				20A4A19D2006B73C0054C8B2 /* Release */,
			);
			defaultConfigurationIsVisible = 0;
			defaultConfigurationName = Release;
		};
		20A4A19E2006B73C0054C8B2 /* Build configuration list for PBXNativeTarget "FlixTests" */ = {
			isa = XCConfigurationList;
			buildConfigurations = (
				20A4A19F2006B73C0054C8B2 /* Debug */,
				20A4A1A02006B73C0054C8B2 /* Release */,
			);
			defaultConfigurationIsVisible = 0;
			defaultConfigurationName = Release;
		};
/* End XCConfigurationList section */

/* Begin XCVersionGroup section */
		20A4A1852006B73C0054C8B2 /* Flix.xcdatamodeld */ = {
			isa = XCVersionGroup;
			children = (
				20A4A1862006B73C0054C8B2 /* Flix.xcdatamodel */,
			);
			currentVersion = 20A4A1862006B73C0054C8B2 /* Flix.xcdatamodel */;
			path = Flix.xcdatamodeld;
			sourceTree = "<group>";
			versionGroupType = wrapper.xcdatamodel;
		};
/* End XCVersionGroup section */
	};
	rootObject = 20A4A1732006B73C0054C8B2 /* Project object */;
}
